
Microsoft Visual Studio Solution File, Format Version 12.00
# Visual Studio Version 17
VisualStudioVersion = 17.3.32901.215
MinimumVisualStudioVersion = 10.0.40219.1
Project("{FAE04EC0-301F-11D3-BF4B-00C04F79EFBC}") = "HouseRentingSystem", "HouseRentingSystem\HouseRentingSystem.csproj", "{1723E902-9E12-4085-A450-2F164A35E12D}"
EndProject
Project("{FAE04EC0-301F-11D3-BF4B-00C04F79EFBC}") = "HouseRentingSystem.Infrastructure", "HouseRentingSystem.Infrastructure\HouseRentingSystem.Infrastructure.csproj", "{CDC994F0-B9DF-4CF9-9667-F9C9B8B501FD}"
EndProject
Project("{FAE04EC0-301F-11D3-BF4B-00C04F79EFBC}") = "HouseRentingSystem.Core", "HouseRentingSystem.Core\HouseRentingSystem.Core.csproj", "{52AFF9B8-2D7B-42B5-86AE-6DE9F9210787}"
EndProject
Global
	GlobalSection(SolutionConfigurationPlatforms) = preSolution
		Debug|Any CPU = Debug|Any CPU
		Release|Any CPU = Release|Any CPU
	EndGlobalSection
	GlobalSection(ProjectConfigurationPlatforms) = postSolution
		{1723E902-9E12-4085-A450-2F164A35E12D}.Debug|Any CPU.ActiveCfg = Debug|Any CPU
		{1723E902-9E12-4085-A450-2F164A35E12D}.Debug|Any CPU.Build.0 = Debug|Any CPU
		{1723E902-9E12-4085-A450-2F164A35E12D}.Release|Any CPU.ActiveCfg = Release|Any CPU
		{1723E902-9E12-4085-A450-2F164A35E12D}.Release|Any CPU.Build.0 = Release|Any CPU
		{CDC994F0-B9DF-4CF9-9667-F9C9B8B501FD}.Debug|Any CPU.ActiveCfg = Debug|Any CPU
		{CDC994F0-B9DF-4CF9-9667-F9C9B8B501FD}.Debug|Any CPU.Build.0 = Debug|Any CPU
		{CDC994F0-B9DF-4CF9-9667-F9C9B8B501FD}.Release|Any CPU.ActiveCfg = Release|Any CPU
		{CDC994F0-B9DF-4CF9-9667-F9C9B8B501FD}.Release|Any CPU.Build.0 = Release|Any CPU
		{52AFF9B8-2D7B-42B5-86AE-6DE9F9210787}.Debug|Any CPU.ActiveCfg = Debug|Any CPU
		{52AFF9B8-2D7B-42B5-86AE-6DE9F9210787}.Debug|Any CPU.Build.0 = Debug|Any CPU
		{52AFF9B8-2D7B-42B5-86AE-6DE9F9210787}.Release|Any CPU.ActiveCfg = Release|Any CPU
		{52AFF9B8-2D7B-42B5-86AE-6DE9F9210787}.Release|Any CPU.Build.0 = Release|Any CPU
	EndGlobalSection
	GlobalSection(SolutionProperties) = preSolution
		HideSolutionNode = FALSE
	EndGlobalSection
	GlobalSection(ExtensibilityGlobals) = postSolution
		SolutionGuid = {C1B478BB-8781-4C1F-BFE1-559C40731F7D}
	EndGlobalSection
EndGlobal
